// !$*UTF8*$!
{
	archiveVersion = 1;
	classes = {
	};
	objectVersion = 46;
	objects = {

/* Begin PBXBuildFile section */
		FBBAF9951AB6098D00788BEE /* main.cpp in Sources */ = {isa = PBXBuildFile; fileRef = FBBAF9941AB6098D00788BEE /* main.cpp */; };
		FBBAF99D1AB60A0800788BEE /* FOODS.cpp in Sources */ = {isa = PBXBuildFile; fileRef = FBBAF99B1AB60A0800788BEE /* FOODS.cpp */; };
/* End PBXBuildFile section */

/* Begin PBXCopyFilesBuildPhase section */
		FBBAF98F1AB6098D00788BEE /* CopyFiles */ = {
			isa = PBXCopyFilesBuildPhase;
			buildActionMask = 2147483647;
			dstPath = /usr/share/man/man1/;
			dstSubfolderSpec = 0;
			files = (
			);
			runOnlyForDeploymentPostprocessing = 1;
		};
/* End PBXCopyFilesBuildPhase section */

/* Begin PBXFileReference section */
		FBBAF9911AB6098D00788BEE /* EatMe */ = {isa = PBXFileReference; explicitFileType = "compiled.mach-o.executable"; includeInIndex = 0; path = EatMe; sourceTree = BUILT_PRODUCTS_DIR; };
		FBBAF9941AB6098D00788BEE /* main.cpp */ = {isa = PBXFileReference; lastKnownFileType = sourcecode.cpp.cpp; path = main.cpp; sourceTree = "<group>"; };
		FBBAF99B1AB60A0800788BEE /* FOODS.cpp */ = {isa = PBXFileReference; fileEncoding = 4; lastKnownFileType = sourcecode.cpp.cpp; path = FOODS.cpp; sourceTree = "<group>"; };
		FBBAF99C1AB60A0800788BEE /* FOODS.h */ = {isa = PBXFileReference; fileEncoding = 4; lastKnownFileType = sourcecode.c.h; path = FOODS.h; sourceTree = "<group>"; };
/* End PBXFileReference section */

/* Begin PBXFrameworksBuildPhase section */
		FBBAF98E1AB6098D00788BEE /* Frameworks */ = {
			isa = PBXFrameworksBuildPhase;
			buildActionMask = 2147483647;
			files = (
			);
			runOnlyForDeploymentPostprocessing = 0;
		};
/* End PBXFrameworksBuildPhase section */

/* Begin PBXGroup section */
		FBBAF9881AB6098C00788BEE = {
			isa = PBXGroup;
			children = (
				FBBAF9931AB6098D00788BEE /* EatMe */,
				FBBAF9921AB6098D00788BEE /* Products */,
			);
			sourceTree = "<group>";
		};
		FBBAF9921AB6098D00788BEE /* Products */ = {
			isa = PBXGroup;
			children = (
				FBBAF9911AB6098D00788BEE /* EatMe */,
			);
			name = Products;
			sourceTree = "<group>";
		};
		FBBAF9931AB6098D00788BEE /* EatMe */ = {
			isa = PBXGroup;
			children = (
				FBBAF9941AB6098D00788BEE /* main.cpp */,
				FBBAF99B1AB60A0800788BEE /* FOODS.cpp */,
				FBBAF99C1AB60A0800788BEE /* FOODS.h */,
			);
			path = EatMe;
			sourceTree = "<group>";
		};
/* End PBXGroup section */

/* Begin PBXNativeTarget section */
		FBBAF9901AB6098D00788BEE /* EatMe */ = {
			isa = PBXNativeTarget;
			buildConfigurationList = FBBAF9981AB6098D00788BEE /* Build configuration list for PBXNativeTarget "EatMe" */;
			buildPhases = (
				FBBAF98D1AB6098D00788BEE /* Sources */,
				FBBAF98E1AB6098D00788BEE /* Frameworks */,
				FBBAF98F1AB6098D00788BEE /* CopyFiles */,
			);
			buildRules = (
			);
			dependencies = (
			);
			name = EatMe;
			productName = EatMe;
			productReference = FBBAF9911AB6098D00788BEE /* EatMe */;
			productType = "com.apple.product-type.tool";
		};
/* End PBXNativeTarget section */

/* Begin PBXProject section */
		FBBAF9891AB6098C00788BEE /* Project object */ = {
			isa = PBXProject;
			attributes = {
				LastUpgradeCheck = 0610;
				TargetAttributes = {
					FBBAF9901AB6098D00788BEE = {
						CreatedOnToolsVersion = 6.1.1;
					};
				};
			};
			buildConfigurationList = FBBAF98C1AB6098C00788BEE /* Build configuration list for PBXProject "EatMe" */;
			compatibilityVersion = "Xcode 3.2";
			developmentRegion = English;
			hasScannedForEncodings = 0;
			knownRegions = (
				en,
			);
			mainGroup = FBBAF9881AB6098C00788BEE;
			productRefGroup = FBBAF9921AB6098D00788BEE /* Products */;
			projectDirPath = "";
			projectRoot = "";
			targets = (
				FBBAF9901AB6098D00788BEE /* EatMe */,
			);
		};
/* End PBXProject section */

/* Begin PBXSourcesBuildPhase section */
		FBBAF98D1AB6098D00788BEE /* Sources */ = {
			isa = PBXSourcesBuildPhase;
			buildActionMask = 2147483647;
			files = (
				FBBAF9951AB6098D00788BEE /* main.cpp in Sources */,
				FBBAF99D1AB60A0800788BEE /* FOODS.cpp in Sources */,
			);
			runOnlyForDeploymentPostprocessing = 0;
		};
/* End PBXSourcesBuildPhase section */

/* Begin XCBuildConfiguration section */
		FBBAF9961AB6098D00788BEE /* Debug */ = {
			isa = XCBuildConfiguration;
			buildSettings = {
				ALWAYS_SEARCH_USER_PATHS = NO;
				CLANG_CXX_LANGUAGE_STANDARD = "gnu++0x";
				CLANG_CXX_LIBRARY = "libc++";
				CLANG_ENABLE_MODULES = YES;
				CLANG_ENABLE_OBJC_ARC = YES;
				CLANG_WARN_BOOL_CONVERSION = YES;
				CLANG_WARN_CONSTANT_CONVERSION = YES;
				CLANG_WARN_DIRECT_OBJC_ISA_USAGE = YES_ERROR;
				CLANG_WARN_EMPTY_BODY = YES;
				CLANG_WARN_ENUM_CONVERSION = YES;
				CLANG_WARN_INT_CONVERSION = YES;
				CLANG_WARN_OBJC_ROOT_CLASS = YES_ERROR;
				CLANG_WARN_UNREACHABLE_CODE = YES;
				CLANG_WARN__DUPLICATE_METHOD_MATCH = YES;
				COPY_PHASE_STRIP = NO;
				ENABLE_STRICT_OBJC_MSGSEND = YES;
				GCC_C_LANGUAGE_STANDARD = gnu99;
				GCC_DYNAMIC_NO_PIC = NO;
				GCC_OPTIMIZATION_LEVEL = 0;
				GCC_PREPROCESSOR_DEFINITIONS = (
					"DEBUG=1",
					"$(inherited)",
				);
				GCC_SYMBOLS_PRIVATE_EXTERN = NO;
				GCC_WARN_64_TO_32_BIT_CONVERSION = YES;
				GCC_WARN_ABOUT_RETURN_TYPE = YES_ERROR;
				GCC_WARN_UNDECLARED_SELECTOR = YES;
				GCC_WARN_UNINITIALIZED_AUTOS = YES_AGGRESSIVE;
				GCC_WARN_UNUSED_FUNCTION = YES;
				GCC_WARN_UNUSED_VARIABLE = YES;
				MACOSX_DEPLOYMENT_TARGET = 10.10;
				MTL_ENABLE_DEBUG_INFO = YES;
				ONLY_ACTIVE_ARCH = YES;
				SDKROOT = macosx;
			};
			name = Debug;
		};
		FBBAF9971AB6098D00788BEE /* Release */ = {
			isa = XCBuildConfiguration;
			buildSettings = {
				ALWAYS_SEARCH_USER_PATHS = NO;
				CLANG_CXX_LANGUAGE_STANDARD = "gnu++0x";
				CLANG_CXX_LIBRARY = "libc++";
				CLANG_ENABLE_MODULES = YES;
				CLANG_ENABLE_OBJC_ARC = YES;
				CLANG_WARN_BOOL_CONVERSION = YES;
				CLANG_WARN_CONSTANT_CONVERSION = YES;
				CLANG_WARN_DIRECT_OBJC_ISA_USAGE = YES_ERROR;
				CLANG_WARN_EMPTY_BODY = YES;
				CLANG_WARN_ENUM_CONVERSION = YES;
				CLANG_WARN_INT_CONVERSION = YES;
				CLANG_WARN_OBJC_ROOT_CLASS = YES_ERROR;
				CLANG_WARN_UNREACHABLE_CODE = YES;
				CLANG_WARN__DUPLICATE_METHOD_MATCH = YES;
				COPY_PHASE_STRIP = YES;
				DEBUG_INFORMATION_FORMAT = "dwarf-with-dsym";
				ENABLE_NS_ASSERTIONS = NO;
				ENABLE_STRICT_OBJC_MSGSEND = YES;
				GCC_C_LANGUAGE_STANDARD = gnu99;
				GCC_WARN_64_TO_32_BIT_CONVERSION = YES;
				GCC_WARN_ABOUT_RETURN_TYPE = YES_ERROR;
				GCC_WARN_UNDECLARED_SELECTOR = YES;
				GCC_WARN_UNINITIALIZED_AUTOS = YES_AGGRESSIVE;
				GCC_WARN_UNUSED_FUNCTION = YES;
				GCC_WARN_UNUSED_VARIABLE = YES;
				MACOSX_DEPLOYMENT_TARGET = 10.10;
				MTL_ENABLE_DEBUG_INFO = NO;
				SDKROOT = macosx;
			};
			name = Release;
		};
		FBBAF9991AB6098D00788BEE /* Debug */ = {
			isa = XCBuildConfiguration;
			buildSettings = {
				PRODUCT_NAME = "$(TARGET_NAME)";
			};
			name = Debug;
		};
		FBBAF99A1AB6098D00788BEE /* Release */ = {
			isa = XCBuildConfiguration;
			buildSettings = {
				PRODUCT_NAME = "$(TARGET_NAME)";
			};
			name = Release;
		};
/* End XCBuildConfiguration section */

/* Begin XCConfigurationList section */
		FBBAF98C1AB6098C00788BEE /* Build configuration list for PBXProject "EatMe" */ = {
			isa = XCConfigurationList;
			buildConfigurations = (
				FBBAF9961AB6098D00788BEE /* Debug */,
				FBBAF9971AB6098D00788BEE /* Release */,
			);
			defaultConfigurationIsVisible = 0;
			defaultConfigurationName = Release;
		};
		FBBAF9981AB6098D00788BEE /* Build configuration list for PBXNativeTarget "EatMe" */ = {
			isa = XCConfigurationList;
			buildConfigurations = (
				FBBAF9991AB6098D00788BEE /* Debug */,
				FBBAF99A1AB6098D00788BEE /* Release */,
			);
			defaultConfigurationIsVisible = 0;
		};
/* End XCConfigurationList section */
	};
	rootObject = FBBAF9891AB6098C00788BEE /* Project object */;
}
